
Microsoft Visual Studio Solution File, Format Version 12.00
# Visual Studio 15
VisualStudioVersion = 15.0.26228.9
MinimumVisualStudioVersion = 10.0.40219.1
Project("{FAE04EC0-301F-11D3-BF4B-00C04F79EFBC}") = "U33A2SQLTool", "U33A2SQLTool\U33A2SQLTool.csproj", "{2D7F5F90-024B-4EBD-BB58-B2021E75BFC6}"
EndProject
Project("{FAE04EC0-301F-11D3-BF4B-00C04F79EFBC}") = "PandaTester", "PandaTester\PandaTester.csproj", "{5745D5BF-0F1C-4D18-A5BA-E559924DC618}"
EndProject
Global
	GlobalSection(SolutionConfigurationPlatforms) = preSolution
		Debug|Any CPU = Debug|Any CPU
		Release|Any CPU = Release|Any CPU
	EndGlobalSection
	GlobalSection(ProjectConfigurationPlatforms) = postSolution
		{2D7F5F90-024B-4EBD-BB58-B2021E75BFC6}.Debug|Any CPU.ActiveCfg = Debug|Any CPU
		{2D7F5F90-024B-4EBD-BB58-B2021E75BFC6}.Debug|Any CPU.Build.0 = Debug|Any CPU
		{2D7F5F90-024B-4EBD-BB58-B2021E75BFC6}.Release|Any CPU.ActiveCfg = Release|Any CPU
		{2D7F5F90-024B-4EBD-BB58-B2021E75BFC6}.Release|Any CPU.Build.0 = Release|Any CPU
		{5745D5BF-0F1C-4D18-A5BA-E559924DC618}.Debug|Any CPU.ActiveCfg = Debug|Any CPU
		{5745D5BF-0F1C-4D18-A5BA-E559924DC618}.Debug|Any CPU.Build.0 = Debug|Any CPU
		{5745D5BF-0F1C-4D18-A5BA-E559924DC618}.Release|Any CPU.ActiveCfg = Release|Any CPU
		{5745D5BF-0F1C-4D18-A5BA-E559924DC618}.Release|Any CPU.Build.0 = Release|Any CPU
	EndGlobalSection
	GlobalSection(SolutionProperties) = preSolution
		HideSolutionNode = FALSE
	EndGlobalSection
EndGlobal
